
Microsoft Visual Studio Solution File, Format Version 12.00
# Visual Studio Version 17
VisualStudioVersion = 17.10.35013.160
MinimumVisualStudioVersion = 10.0.40219.1
Project("{888888A0-9F3D-457C-B088-3A5042F75D52}") = "EnglishWordOrigin", "EnglishWordOrigin\EnglishWordOrigin.pyproj", "{6A732766-0AD3-4D89-B348-EA0350B840ED}"
EndProject
Global
	GlobalSection(SolutionConfigurationPlatforms) = preSolution
		Debug|Any CPU = Debug|Any CPU
		Release|Any CPU = Release|Any CPU
	EndGlobalSection
	GlobalSection(ProjectConfigurationPlatforms) = postSolution
		{6A732766-0AD3-4D89-B348-EA0350B840ED}.Debug|Any CPU.ActiveCfg = Debug|Any CPU
		{6A732766-0AD3-4D89-B348-EA0350B840ED}.Release|Any CPU.ActiveCfg = Release|Any CPU
	EndGlobalSection
	GlobalSection(SolutionProperties) = preSolution
		HideSolutionNode = FALSE
	EndGlobalSection
	GlobalSection(ExtensibilityGlobals) = postSolution
		SolutionGuid = {B5016B0A-8284-4A7F-8A63-CB92F2EB2AB3}
	EndGlobalSection
EndGlobal
